{
    "_meta": {
        "hash": {
            "sha256": "323951050df060b0a3fd50fcbf19ff21de9fcb43e997847102b2140515700c27"
        },
        "pipfile-spec": 6,
        "requires": {
            "python_version": "3.6.5"
        },
        "sources": [
            {
                "name": "pypi",
                "url": "https://pypi.org/simple",
                "verify_ssl": true
            },
            {
                "name": "piwheels",
                "url": "https://www.piwheels.org/simple",
                "verify_ssl": true
            }
        ]
    },
    "default": {
        "adafruit-blinka": {
            "hashes": [
                "sha256:96ee05b82405a069b691b57a3dda7cd418fd94fd4e0d0dd40ee8d63fd6b56446",
                "sha256:9ab868618fc8bcba779f1a29202c804b2a4b73e7b7babc906ab962bdefb95085"
            ],
            "version": "==2.3.1"
        },
        "adafruit-circuitpython-busdevice": {
            "hashes": [
                "sha256:bdcd2431bb3b1c01de3ea154979c74498084a4e9652df9c6cea73b7e145fd9ab",
                "sha256:f1852212a9cab3f6735ed2b9e27b9620855a4ca43c95e13d6e59d7f2b02be26a"
            ],
            "version": "==3.0.0"
        },
        "adafruit-circuitpython-mpr121": {
            "hashes": [
                "sha256:9b0f540d0bb07769ff8f4856aa34f6403f0f67fa2ceb84fda25ba63e0b9f86b5",
                "sha256:b6d294609f4725dcc4970f90aef06c8043e368df9db4fd5387a326d57593db61"
            ],
            "index": "piwheels",
            "version": "==2.0.1"
        },
        "adafruit-platformdetect": {
            "hashes": [
                "sha256:11b0ae925ab430625c1e8abc5aabf850aa10bfff46f63cd580153e3f3b915cae",
                "sha256:22bf6f3e4ef949fbe68410fd48aa00b2d3fa481f1a8f24e997d505d45521c843"
            ],
            "version": "==1.3.2"
        },
        "adafruit-pureio": {
            "hashes": [
                "sha256:e65cd929f1d8e109513ed1e457c2742bf4f15349c1a9b7f5b1e04191624d7488",
                "sha256:f683bc1bb68d680ba75b16f61f6444e94d8443b006ac7be7ea12ccae6936ca54"
            ],
            "version": "==0.2.3"
        },
        "blessings": {
            "hashes": [
                "sha256:98e5854d805f50a5b58ac2333411b0482516a8210f23f43308baeb58d77c157d",
                "sha256:b1fdd7e7a675295630f9ae71527a8ebc10bfefa236b3d6aa4932ee4462c17ba3",
                "sha256:caad5211e7ba5afe04367cdd4cfc68fa886e2e08f6f35e76b7387d2109ccea6e"
            ],
            "version": "==1.7"
        },
        "cachetools": {
            "hashes": [
                "sha256:428266a1c0d36dc5aca63a2d7c5942e88c2c898d72139fca0e97fdd2380517ae",
                "sha256:8ea2d3ce97850f31e4a08b0e2b5e6c34997d7216a9d2c98e0f3978630d4da69a"
            ],
            "version": "==3.1.1"
        },
        "certifi": {
            "hashes": [
                "sha256:046832c04d4e752f37383b628bc601a7ea7211496b4638f6514d0e5b9acc4939",
                "sha256:945e3ba63a0b9f577b1395204e13c3a231f9bc0223888be653286534e5873695"
            ],
            "version": "==2019.6.16"
        },
        "chardet": {
            "hashes": [
                "sha256:84ab92ed1c4d4f16916e05906b6b75a6c0fb5db821cc65e70cbd64a3e2a5eaae",
                "sha256:fc323ffcaeaed0e0a02bf4d117757b98aed530d9ed4531e3e15460124c106691"
            ],
            "version": "==3.0.4"
        },
        "click": {
            "hashes": [
                "sha256:2335065e6395b9e67ca716de5f7526736bfa6ceead690adf616d925bdc622b13",
                "sha256:5b94b49521f6456670fdb30cd82a4eca9412788a93fa6dd6df72c94d5a8ff2d7"
            ],
            "version": "==7.0"
        },
        "curtsies": {
            "hashes": [
                "sha256:89c802ec051d01dec6fc983e9856a3706e4ea8265d2940b1f6d504a9e26ed3a9",
                "sha256:c0130ea3b3141aa46c2d88d50d5b3156abd47f93b1011f89c156d0348b43eb97"
            ],
            "index": "piwheels",
            "version": "==0.3.0"
        },
        "flask": {
            "hashes": [
                "sha256:2271c0070dbcb5275fad4a82e29f23ab92682dc45f9dfbc22c02ba9b9322ce48",
                "sha256:a080b744b7e345ccfcbc77954861cb05b3c63786e93f2b3875e0913d44b43f05"
            ],
            "index": "piwheels",
            "version": "==1.0.2"
        },
        "google-api-core": {
            "extras": [
                "grpc"
            ],
            "hashes": [
                "sha256:2c23fbc81c76b941ffb71301bb975ed66a610e9b03f918feacd1ed59cf43a6ec",
                "sha256:b2b91107bcc3b981633c89602b46451f6474973089febab3ee51c49cb7ae6a1f"
            ],
            "version": "==1.14.2"
        },
        "google-auth": {
            "hashes": [
                "sha256:0f7c6a64927d34c1a474da92cfc59e552a5d3b940d3266606c6a28b72888b9e4",
                "sha256:20705f6803fd2c4d1cc2dcb0df09d4dfcb9a7d51fd59e94a3a28231fd93119ed"
            ],
            "version": "==1.6.3"
        },
        "google-cloud-texttospeech": {
            "hashes": [
                "sha256:08bb423fdacdd72fa624221b16dd75f3a1a481e281dd30606aae782072f54208",
                "sha256:ec1d049cb54fc036887d946ce0391bde481a3da7263e55908eaf9694079ec46f"
            ],
            "index": "piwheels",
            "version": "==0.4.0"
        },
        "googleapis-common-protos": {
            "hashes": [
                "sha256:4cdb14c5c0a9eef3b0ab3bb6b0be35f45e5379f24b6cde6481bec3d226683950",
                "sha256:e61b8ed5e36b976b487c6e7b15f31bb10c7a0ca7bd5c0e837f4afab64b53a0c6"
            ],
            "version": "==1.6.0"
        },
        "grpcio": {
            "hashes": [
                "sha256:1303578092f1f6e4bfbc354c04ac422856c393723d3ffa032fff0f7cb5cfd693",
                "sha256:229c6b313cd82bec8f979b059d87f03cc1a48939b543fe170b5a9c5cf6a6bc69",
                "sha256:3cd3d99a8b5568d0d186f9520c16121a0f2a4bcad8e2b9884b76fb88a85a7774",
                "sha256:41cfb222db358227521f9638a6fbc397f310042a4db5539a19dea01547c621cd",
                "sha256:43330501660f636fd6547d1e196e395cd1e2c2ae57d62219d6184a668ffebda0",
                "sha256:45d7a2bd8b4f25a013296683f4140d636cdbb507d94a382ea5029a21e76b1648",
                "sha256:47dc935658a13b25108823dabd010194ddea9610357c5c1ef1ad7b3f5157ebee",
                "sha256:480aa7e2b56238badce0b9413a96d5b4c90c3bfbd79eba5a0501e92328d9669e",
                "sha256:4a0934c8b0f97e1d8c18e76c45afc0d02d33ab03125258179f2ac6c7a13f3626",
                "sha256:5624dab19e950f99e560400c59d87b685809e4cfcb2c724103f1ab14c06071f7",
                "sha256:60515b1405bb3dadc55e6ca99429072dad3e736afcf5048db5452df5572231ff",
                "sha256:610f97ebae742a57d336a69b09a9c7d7de1f62aa54aaa8adc635b38f55ba4382",
                "sha256:64ea189b2b0859d1f7b411a09185028744d494ef09029630200cc892e366f169",
                "sha256:686090c6c1e09e4f49585b8508d0a31d58bc3895e4049ea55b197d1381e9f70f",
                "sha256:71bebe884e9a084ccd7e14b54021141b81a3a7a153ddad6dcd7bb8ad0cf5468f",
                "sha256:7745c365195bb0605e3d47b480a2a4d1baa8a41a5fd0a20de5fa48900e2c886a",
                "sha256:79491e0d2b77a1c438116bf9e5f9e2e04e78b78524615e2ce453eff62db59a09",
                "sha256:825177dd4c601c487836b7d6b4ba268db59787157911c623ba59a7c03c8d3adc",
                "sha256:8a060e1f72fb94eee8a035ed29f1201ce903ad14cbe27bda56b4a22a8abda045",
                "sha256:90168cc6353e2766e47b650c963f21cfff294654b10b3a14c67e26a4e3683634",
                "sha256:94b7742734bceeff6d8db5edb31ac844cb68fc7f13617eca859ff1b78bb20ba1",
                "sha256:962aebf2dd01bbb2cdb64580e61760f1afc470781f9ecd5fe8f3d8dcd8cf4556",
                "sha256:9c8d9eacdce840b72eee7924c752c31b675f8aec74790e08cff184a4ea8aa9c1",
                "sha256:af5b929debc336f6bab9b0da6915f9ee5e41444012aed6a79a3c7e80d7662fdf",
                "sha256:b9cdb87fc77e9a3eabdc42a512368538d648fa0760ad30cf97788076985c790a",
                "sha256:c5e6380b90b389454669dc67d0a39fb4dc166416e01308fcddd694236b8329ef",
                "sha256:d60c90fe2bfbee735397bf75a2f2c4e70c5deab51cd40c6e4fa98fae018c8db6",
                "sha256:d8582c8b1b1063249da1588854251d8a91df1e210a328aeb0ece39da2b2b763b",
                "sha256:ddbf86ba3aa0ad8fed2867910d2913ee237d55920b55f1d619049b3399f04efc",
                "sha256:e46bc0664c5c8a0545857aa7a096289f8db148e7f9cca2d0b760113e8994bddc",
                "sha256:f6437f70ec7fed0ca3a0eef1146591bb754b418bb6c6b21db74f0333d624e135",
                "sha256:f71693c3396530c6b00773b029ea85e59272557e9bd6077195a6593e4229892a",
                "sha256:f79f7455f8fbd43e8e9d61914ecf7f48ba1c8e271801996fef8d6a8f3cc9f39f"
            ],
            "version": "==1.23.0"
        },
        "idna": {
            "hashes": [
                "sha256:c357b3f628cf53ae2c4c05627ecc484553142ca23264e593d327bcde5e9c3407",
                "sha256:ea8b7f6188e6fa117537c3df7da9fc686d485087abf6ac197f9c46432f7e4a3c"
            ],
            "version": "==2.8"
        },
        "itsdangerous": {
            "hashes": [
                "sha256:321b033d07f2a4136d3ec762eac9f16a10ccd60f53c0c91af90217ace7ba1f19",
                "sha256:b12271b2047cb23eeb98c8b5622e2e5c5e9abd9784a153e9d8ef9cb4dd09d749"
            ],
            "version": "==1.1.0"
        },
        "jinja2": {
            "hashes": [
                "sha256:065c4f02ebe7f7cf559e49ee5a95fb800a9e4528727aec6f24402a5374c65013",
                "sha256:14dd6caf1527abb21f08f86c784eac40853ba93edb79552aa1e4b8aef1b61c7b"
            ],
            "version": "==2.10.1"
        },
        "keyboard": {
            "hashes": [
                "sha256:18b53344408df1973c452549f47a203f20a0e65fbbd4436c72562759fa03c0b8",
                "sha256:d900fefc9c8dfc0c5d92bea6d6190a2ed9beea1bdbc0e16ce12a235bf5ef6281"
            ],
            "index": "piwheels",
            "version": "==0.13.3"
        },
        "markupsafe": {
            "hashes": [
                "sha256:00bc623926325b26bb9605ae9eae8a215691f33cae5df11ca5424f06f2d1f473",
                "sha256:09027a7803a62ca78792ad89403b1b7a73a01c8cb65909cd876f7fcebd79b161",
                "sha256:09c4b7f37d6c648cb13f9230d847adf22f8171b1ccc4d5682398e77f40309235",
                "sha256:1027c282dad077d0bae18be6794e6b6b8c91d58ed8a8d89a89d59693b9131db5",
                "sha256:19536834abffb3fa155017053c607cb835b2ecc6a3a2554a88043d991dffb736",
                "sha256:24982cc2533820871eba85ba648cd53d8623687ff11cbb805be4ff7b4c971aff",
                "sha256:29872e92839765e546828bb7754a68c418d927cd064fd4708fab9fe9c8bb116b",
                "sha256:3d61f15e39611aacd91b7e71d903787da86d9e80896e683c0103fced9add7834",
                "sha256:43a55c2930bbc139570ac2452adf3d70cdbb3cfe5912c71cdce1c2c6bbd9c5d1",
                "sha256:46c99d2de99945ec5cb54f23c8cd5689f6d7177305ebff350a58ce5f8de1669e",
                "sha256:500d4957e52ddc3351cabf489e79c91c17f6e0899158447047588650b5e69183",
                "sha256:535f6fc4d397c1563d08b88e485c3496cf5784e927af890fb3c3aac7f933ec66",
                "sha256:62fe6c95e3ec8a7fad637b7f3d372c15ec1caa01ab47926cfdf7a75b40e0eac1",
                "sha256:6dd73240d2af64df90aa7c4e7481e23825ea70af4b4922f8ede5b9e35f78a3b1",
                "sha256:717ba8fe3ae9cc0006d7c451f0bb265ee07739daf76355d06366154ee68d221e",
                "sha256:7952deddf24b85c88dab48f6ec366ac6e39d2761b5280f2f9594911e03fcd064",
                "sha256:79855e1c5b8da654cf486b830bd42c06e8780cea587384cf6545b7d9ac013a0b",
                "sha256:7c1699dfe0cf8ff607dbdcc1e9b9af1755371f92a68f706051cc8c37d447c905",
                "sha256:88e5fcfb52ee7b911e8bb6d6aa2fd21fbecc674eadd44118a9cc3863f938e735",
                "sha256:8defac2f2ccd6805ebf65f5eeb132adcf2ab57aa11fdf4c0dd5169a004710e7d",
                "sha256:98c7086708b163d425c67c7a91bad6e466bb99d797aa64f965e9d25c12111a5e",
                "sha256:9add70b36c5666a2ed02b43b335fe19002ee5235efd4b8a89bfcf9005bebac0d",
                "sha256:9bf40443012702a1d2070043cb6291650a0841ece432556f784f004937f0f32c",
                "sha256:ade5e387d2ad0d7ebf59146cc00c8044acbd863725f887353a10df825fc8ae21",
                "sha256:b00c1de48212e4cc9603895652c5c410df699856a2853135b3967591e4beebc2",
                "sha256:b1282f8c00509d99fef04d8ba936b156d419be841854fe901d8ae224c59f0be5",
                "sha256:b2051432115498d3562c084a49bba65d97cf251f5a331c64a12ee7e04dacc51b",
                "sha256:ba59edeaa2fc6114428f1637ffff42da1e311e29382d81b339c1817d37ec93c6",
                "sha256:c8716a48d94b06bb3b2524c2b77e055fb313aeb4ea620c8dd03a105574ba704f",
                "sha256:cd5df75523866410809ca100dc9681e301e3c27567cf498077e8551b6d20e42f",
                "sha256:e249096428b3ae81b08327a63a485ad0878de3fb939049038579ac0ef61e17e7"
            ],
            "version": "==1.1.1"
        },
        "protobuf": {
            "hashes": [
                "sha256:00a1b0b352dc7c809749526d1688a64b62ea400c5b05416f93cfb1b11a036295",
                "sha256:01acbca2d2c8c3f7f235f1842440adbe01bbc379fa1cbdd80753801432b3fae9",
                "sha256:0a795bca65987b62d6b8a2d934aa317fd1a4d06a6dd4df36312f5b0ade44a8d9",
                "sha256:0ec035114213b6d6e7713987a759d762dd94e9f82284515b3b7331f34bfaec7f",
                "sha256:31b18e1434b4907cb0113e7a372cd4d92c047ce7ba0fa7ea66a404d6388ed2c1",
                "sha256:32a3abf79b0bef073c70656e86d5bd68a28a1fbb138429912c4fc07b9d426b07",
                "sha256:55f85b7808766e5e3f526818f5e2aeb5ba2edcc45bcccede46a3ccc19b569cb0",
                "sha256:64ab9bc971989cbdd648c102a96253fdf0202b0c38f15bd34759a8707bdd5f64",
                "sha256:64cf847e843a465b6c1ba90fb6c7f7844d54dbe9eb731e86a60981d03f5b2e6e",
                "sha256:917c8662b585470e8fd42f052661fc66d59fccaae450a60044307dcbf82a3335",
                "sha256:afed9003d7f2be2c3df20f64220c30faec441073731511728a2cb4cab4cd46a6",
                "sha256:bf8e05d638b585d1752c5a84247134a0350d3a8b73d3632489a014a9f6f1e758",
                "sha256:d831b047bd69becaf64019a47179eb22118a50dd008340655266a906c69c6417",
                "sha256:de2760583ed28749ff885789c1cbc6c9c06d6de92fc825740ab99deb2f25ea4d",
                "sha256:eabc4cf1bc19689af8022ba52fd668564a8d96e0d08f3b4732d26a64255216a4",
                "sha256:fcff6086c86fb1628d94ea455c7b9de898afc50378042927a59df8065a79a549"
            ],
            "version": "==3.9.1"
        },
        "pyasn1": {
            "hashes": [
                "sha256:3bb81821d47b17146049e7574ab4bf1e315eb7aead30efe5d6a9ca422c9710be",
                "sha256:b773d5c9196ffbc3a1e13bdf909d446cad80a039aa3340bcad72f395b76ebc86"
            ],
            "version": "==0.4.6"
        },
        "pyasn1-modules": {
            "hashes": [
                "sha256:43c17a83c155229839cc5c6b868e8d0c6041dba149789b6d6e28801c64821722",
                "sha256:e30199a9d221f1b26c885ff3d87fd08694dbbe18ed0e8e405a2a7126d30ce4c0"
            ],
            "version": "==0.2.6"
        },
        "pygame": {
            "hashes": [
                "sha256:06dc92ccfea33b85f209db3d49f99a2a30c88fe9fb80fa2564cee443ece787b5",
                "sha256:0919a2ec5fcb0d00518c2a5fa99858ccf22d7fbcc0e12818b317062d11386984",
                "sha256:0a8c92e700e0042faefa998fa064616f330201890d6ea1c993eb3ff30ab53e99",
                "sha256:220a1048ebb3d11a4d48cc4219ec8f65ca62fcafd255239478677625e8ead2e9",
                "sha256:315861d2b8428f7b4d56d2c98d6c1acc18f08c77af4b129211bc036774f64be2",
                "sha256:3469e87867832fe5226396626a8a6a9dac9b2e21a7819dd8cd96cf0e08bbcd41",
                "sha256:54c19960180626165512d596235d75dc022d38844467cec769a8d8153fd66645",
                "sha256:5ba598736ab9716f53dc943a659a9578f62acfe00c0c9c5490f3aca61d078f75",
                "sha256:60ddc4f361babb30ff2d554132b1f3296490f3149d6c1c77682213563f59937a",
                "sha256:6a49ab8616a9de534f1bf62c98beabf0e0bb0b6ff8917576bba22820bba3fdad",
                "sha256:6d4966eeba652df2fd9a757b3fc5b29b578b47b58f991ad714471661ea2141cb",
                "sha256:700d1781c999af25d11bfd1f3e158ebb660f72ebccb2040ecafe5069d0b2c0b6",
                "sha256:73f4c28e894e76797b8ccaf6eb1205b433efdb803c70f489ebc3db6ac9c097e6",
                "sha256:786eca2bea11abd924f3f67eb2483bcb22acff08f28dbdbf67130abe54b23797",
                "sha256:7bcf586a1c51a735361ca03561979eea3180de45e6165bcdfa12878b752544af",
                "sha256:82a1e93d82c1babceeb278c55012a9f5140e77665d372a6d97ec67786856d254",
                "sha256:9e03589bc80a21ae951fca7659a767b7cac668289937e3756c0ab3d753cf6d24",
                "sha256:aa8926a4e34fb0943abe1a8bb04a0ad82265341bf20064c0862db0a521100dfc",
                "sha256:aa90689b889c417d2ac571ef2bbb5f7e735ae30c7553c60fae7508404f46c101",
                "sha256:c9f8cdefee267a2e690bf17d61a8f5670b620f25a981f24781b034363a8eedc9",
                "sha256:d9177afb2f46103bfc28a51fbc49ce18987a857e5c934db47b4a7030cb30fbd0",
                "sha256:deb0551d4bbfb8131e2463a7fe1943bfcec5beb11acdf9c4bfa27fa5a9758d62",
                "sha256:e7edfe57a5972aa9130ce9a186020a0f097e7a8e4c25e292109bdae1432b77f9",
                "sha256:f0ad32efb9e26160645d62ba6cf3e5a5828dc4e82e8f41f9badfe7b685b07295"
            ],
            "index": "piwheels",
            "version": "==1.9.4"
        },
        "pytz": {
            "hashes": [
                "sha256:26c0b32e437e54a18161324a2fca3c4b9846b74a8dccddd843113109e1116b32",
                "sha256:c894d57500a4cd2d5c71114aaab77dbab5eabd9022308ce5ac9bb93a60a6f0c7"
            ],
            "version": "==2019.2"
        },
        "requests": {
            "hashes": [
                "sha256:11e007a8a2aa0323f5a921e9e6a2d7e4e67d9877e85773fba9ba6419025cbeb4",
                "sha256:9cf5292fcd0f598c671cfc1e0d7d1a7f13bb8085e9a590f48c010551dc6c4b31"
            ],
            "version": "==2.22.0"
        },
        "rsa": {
            "hashes": [
                "sha256:14ba45700ff1ec9eeb206a2ce76b32814958a98e372006c8fb76ba820211be66",
                "sha256:1a836406405730121ae9823e19c6e806c62bbad73f890574fff50efa4122c487"
            ],
            "version": "==4.0"
        },
        "six": {
            "hashes": [
                "sha256:3350809f0555b11f552448330d0b52d5f24c91a322ea4a15ef22629740f3761c",
                "sha256:d16a0141ec1a18405cd4ce8b4613101da75da0e9a7aec5bdd4fa804d0e0eba73"
            ],
            "version": "==1.12.0"
        },
        "spidev": {
            "hashes": [
                "sha256:4314e52f573d95233c907f307558893313a8a606e197e77bb711526b0e179e80",
                "sha256:8c559661f75a60b70e2143eb1fe8561ddfda4cc1a2b44eee75b547e75c149ac8",
                "sha256:cacc06b27fd98ff5c73bad282de147f1ad20449fb0b7be1dfbb0c71a55b04b6b",
                "sha256:f7e180dc8f45b56388ff9659b55d6b891bd56f1433895ead804eb0a253a02305"
            ],
            "markers": "sys_platform == 'linux'",
            "version": "==3.4"
        },
        "sysv-ipc": {
            "hashes": [
                "sha256:5e98ea29d5db59f7ca5b0e216865c0bbeae5ac39e4ccf2e7e4ca836dba197a55",
                "sha256:9e26e7648069a63afd70ce59c11a50d57f8a264b1330a85a5748660c73101cf3",
                "sha256:b284e961274c67ed3debfdd8a43f197451c5f100955142bbed380258c6c73e06",
                "sha256:b59fbd42c9de27b42fdda69c4aa7556312112dc6ac7246e44cd875cf049e4273",
                "sha256:bfbde90d4a0e6369ec11d2d401c26eb18b47f4c01d63d413c76b1314865bbd1d",
                "sha256:cd70548a92218ede2da499080b31e52f1d7cf60716c5cc7d468ec89e8b73c530"
            ],
            "markers": "platform_system != 'Windows'",
            "version": "==1.0.0"
        },
        "typing": {
            "hashes": [
                "sha256:38566c558a0a94d6531012c8e917b1b8518a41e418f7f15f00e129cc80162ad3",
                "sha256:53765ec4f83a2b720214727e319607879fec4acde22c4fbb54fa2604e79e44ce",
                "sha256:84698954b4e6719e912ef9a42a2431407fe3755590831699debda6fba92aac55"
            ],
            "version": "==3.7.4"
        },
        "urllib3": {
            "hashes": [
                "sha256:b246607a25ac80bedac05c6f282e3cdaf3afb65420fd024ac94435cabe6e18d1",
                "sha256:dbe59173209418ae49d485b87d1681aefa36252ee85884c31346debd19463232"
            ],
            "version": "==1.25.3"
        },
        "wcwidth": {
            "hashes": [
                "sha256:3df37372226d6e63e1b1e1eda15c594bca98a22d33a23832a90998faa96bc65e",
                "sha256:f4ebe71925af7b40a864553f761ed559b43544f8f71746c2d756c7fe788ade7c"
            ],
            "version": "==0.1.7"
        },
        "werkzeug": {
            "hashes": [
                "sha256:97660b282aa7e29f94f3fe378e5c7162d7ab9d601a8dbb1cbb2ffc8f0e54607d",
                "sha256:cfd1281b1748288e59762c0e174d64d8bcb2b70e7c57bc4a1203c8825af24ac3"
            ],
            "index": "pypi",
            "version": "==0.15.3"
        }
    },
    "develop": {}
}
